<?xml version="1.0" encoding="utf-8"?>
<Project ToolsVersion="4.0" xmlns="http://schemas.microsoft.com/developer/msbuild/2003">
  <ItemGroup>
    <Filter Include="src">
      <UniqueIdentifier>{35feb834-3fd9-4b37-933f-24d7cea69c92}</UniqueIdentifier>
    </Filter>
    <Filter Include="include">
      <UniqueIdentifier>{b17c4503-7c31-4e7f-82c5-4a6524c9a96d}</UniqueIdentifier>
    </Filter>
    <Filter Include="config">
      <UniqueIdentifier>{43682a4f-e08a-4608-b845-4d7920d85637}</UniqueIdentifier>
    </Filter>
    <Filter Include="public">
      <UniqueIdentifier>{1ed11acf-6fda-458d-9134-0c0b0cb384a6}</UniqueIdentifier>
    </Filter>
    <Filter Include="logs">
      <UniqueIdentifier>{5fefaefd-d49f-4e38-9138-b297c1801248}</UniqueIdentifier>
    </Filter>
    <Filter Include="bin">
      <UniqueIdentifier>{af101a46-e4c0-4e9c-9a3f-bb35013ac1e1}</UniqueIdentifier>
    </Filter>
  </ItemGroup>
  <ItemGroup>
    <ClCompile Include="main.cpp">
      <Filter>src</Filter>
    </ClCompile>
    <ClCompile Include="server.cpp">
      <Filter>src</Filter>
    </ClCompile>
    <ClCompile Include="router.cpp">
      <Filter>src</Filter>
    </ClCompile>
  </ItemGroup>
  <ItemGroup>
    <ClInclude Include="server.hpp">
      <Filter>include</Filter>
    </ClInclude>
    <ClInclude Include="router.hpp">
      <Filter>include</Filter>
    </ClInclude>
  </ItemGroup>
</Project>